github.com/Fastbyte01/KeepIt v0.0.0-20220316160340-0b501727f8e6 h1:uYas/AiFhR7KQ0h4eZBqdgdnCCUse6wtAsWSMX2LN2w=
github.com/Fastbyte01/KeepIt v0.0.0-20220316160340-0b501727f8e6/go.mod h1:M6ThhOtiUROtefKk1Oqi5Yd35F3JXQKjY42i0/s+n88=
github.com/Mitrichius/hugo-theme-anubis v0.0.0-20220412171158-ae6b41de4717 h1:SaR57bTvVhzyDqt71hpAzCtG1B3RM5hbEn9NEAYP5ME=
github.com/Mitrichius/hugo-theme-anubis v0.0.0-20220412171158-ae6b41de4717/go.mod h1:FKD3NbdsQzL+cXsC3x99XD/t/Rd5EyhDlNBAxQhULbo=
github.com/luizdepra/hugo-coder v0.0.0-20220309183624-40eeed825628 h1:CXjnHsiGL5EGhHg5laa1alI/GfwpTVMQzJ+U/HGWVL8=
github.com/luizdepra/hugo-coder v0.0.0-20220309183624-40eeed825628/go.mod h1:9EQBf2rU+NPjlohGuKcEgdqSeOc3tIQoOty4xPpuUQ4=
github.com/rhazdon/hugo-theme-hello-friend-ng v0.0.0-20220204220239-fff3cc7bcd46 h1:LeBVmH9bQFedHjHVr02w/CBTVqQAtAqu3ILsevJFVV8=
github.com/rhazdon/hugo-theme-hello-friend-ng v0.0.0-20220204220239-fff3cc7bcd46/go.mod h1:qzfSzxZEtVIkUEYnXdJV8PmJZMTSSZkfek5uhxFdpHA=
